
Microsoft Visual Studio Solution File, Format Version 12.00
# Visual Studio Version 17
VisualStudioVersion = 17.10.35013.160
MinimumVisualStudioVersion = 10.0.40219.1
Project("{9A19103F-16F7-4668-BE54-9A1E7A4F7556}") = "TeacherScheduleApp", "TeacherScheduleApp.csproj", "{5281216C-5A22-46CC-A3E6-2B23D20769CD}"
EndProject
Global
	GlobalSection(SolutionConfigurationPlatforms) = preSolution
		Debug|Any CPU = Debug|Any CPU
		Release|Any CPU = Release|Any CPU
	EndGlobalSection
	GlobalSection(ProjectConfigurationPlatforms) = postSolution
		{5281216C-5A22-46CC-A3E6-2B23D20769CD}.Debug|Any CPU.ActiveCfg = Debug|Any CPU
		{5281216C-5A22-46CC-A3E6-2B23D20769CD}.Debug|Any CPU.Build.0 = Debug|Any CPU
		{5281216C-5A22-46CC-A3E6-2B23D20769CD}.Release|Any CPU.ActiveCfg = Release|Any CPU
		{5281216C-5A22-46CC-A3E6-2B23D20769CD}.Release|Any CPU.Build.0 = Release|Any CPU
	EndGlobalSection
	GlobalSection(SolutionProperties) = preSolution
		HideSolutionNode = FALSE
	EndGlobalSection
	GlobalSection(ExtensibilityGlobals) = postSolution
		SolutionGuid = {FC940B44-CE22-425F-BA7B-4333F97AFADC}
	EndGlobalSection
EndGlobal
